
Microsoft Visual Studio Solution File, Format Version 12.00
Project("{FAE04EC0-301F-11D3-BF4B-00C04F79EFBC}") = "client", "client\client.csproj", "{882ED517-678D-495F-9A87-064A45D6DB1D}"
EndProject
Global
	GlobalSection(SolutionConfigurationPlatforms) = preSolution
		Debug|Any CPU = Debug|Any CPU
		Release|Any CPU = Release|Any CPU
	EndGlobalSection
	GlobalSection(ProjectConfigurationPlatforms) = postSolution
		{882ED517-678D-495F-9A87-064A45D6DB1D}.Debug|Any CPU.ActiveCfg = Debug|Any CPU
		{882ED517-678D-495F-9A87-064A45D6DB1D}.Debug|Any CPU.Build.0 = Debug|Any CPU
		{882ED517-678D-495F-9A87-064A45D6DB1D}.Release|Any CPU.ActiveCfg = Release|Any CPU
		{882ED517-678D-495F-9A87-064A45D6DB1D}.Release|Any CPU.Build.0 = Release|Any CPU
	EndGlobalSection
EndGlobal
